{
    "_readme": [
        "This file locks the dependencies of your project to a known state",
        "Read more about it at https://getcomposer.org/doc/01-basic-usage.md#installing-dependencies",
        "This file is @generated automatically"
    ],
    "content-hash": "3161e42510646dde1e722134298baedd",
    "packages": [
        {
            "name": "fortawesome/font-awesome",
            "version": "6.4.0",
            "source": {
                "type": "git",
                "url": "https://github.com/FortAwesome/Font-Awesome.git",
                "reference": "0698449d50f2b95517562295a59d414afc68b369"
            },
            "dist": {
                "type": "zip",
                "url": "https://api.github.com/repos/FortAwesome/Font-Awesome/zipball/0698449d50f2b95517562295a59d414afc68b369",
                "reference": "0698449d50f2b95517562295a59d414afc68b369",
                "shasum": ""
            },
            "type": "library",
            "notification-url": "https://packagist.org/downloads/",
            "license": [
                "CC-BY-4.0",
                "OFL-1.1",
                "MIT"
            ],
            "authors": [
                {
                    "name": "The Font Awesome Team",
                    "homepage": "https://github.com/orgs/FortAwesome/people"
                }
            ],
            "description": "The iconic font, CSS, and SVG framework",
            "homepage": "https://fontawesome.com",
            "keywords": [
                "FontAwesome",
                "awesome",
                "bootstrap",
                "font",
                "icon",
                "svg"
            ],
            "support": {
                "docs": "http://fontawesome.com/docs",
                "email": "hello@fontawesome.com",
                "issues": "https://github.com/FortAwesome/Font-Awesome/issues",
                "source": "https://github.com/FortAwesome/Font-Awesome"
            },
            "time": "2023-03-27T16:58:41+00:00"
        },
        {
            "name": "loganmarchione/homelab-svg-assets",
            "version": "0.1.5",
            "source": {
                "type": "git",
                "url": "https://github.com/loganmarchione/homelab-svg-assets.git",
                "reference": "ba14e96167873dfc19d6996312374c0ba79c61aa"
            },
            "dist": {
                "type": "zip",
                "url": "https://api.github.com/repos/loganmarchione/homelab-svg-assets/zipball/ba14e96167873dfc19d6996312374c0ba79c61aa",
                "reference": "ba14e96167873dfc19d6996312374c0ba79c61aa",
                "shasum": ""
            },
            "type": "library",
            "notification-url": "https://packagist.org/downloads/",
            "license": [
                "MIT"
            ],
            "authors": [
                {
                    "name": "Logan Marchione",
                    "email": "logan@loganmarchione.com"
                }
            ],
            "description": "Full-color SVG icons of homelab-related software, products, and brands",
            "keywords": [
                "homelab",
                "icons",
                "svg"
            ],
            "support": {
                "issues": "https://github.com/loganmarchione/homelab-svg-assets/issues",
                "source": "https://github.com/loganmarchione/homelab-svg-assets"
            },
            "time": "2023-03-16T21:09:28+00:00"
        },
        {
            "name": "simple-icons/simple-icons",
            "version": "8.10.0",
            "source": {
                "type": "git",
                "url": "https://github.com/simple-icons/simple-icons.git",
                "reference": "71a731f58a484263acbe53e193bd284de036d6a1"
            },
            "dist": {
                "type": "zip",
                "url": "https://api.github.com/repos/simple-icons/simple-icons/zipball/71a731f58a484263acbe53e193bd284de036d6a1",
                "reference": "71a731f58a484263acbe53e193bd284de036d6a1",
                "shasum": ""
            },
            "type": "library",
            "notification-url": "https://packagist.org/downloads/",
            "license": [
                "CC0-1.0"
            ],
            "description": "SVG icons for popular brands",
            "homepage": "https://simpleicons.org/",
            "keywords": [
                "icons",
                "svg"
            ],
            "support": {
                "docs": "https://github.com/simple-icons/simple-icons#php-usage-",
                "issues": "https://github.com/simple-icons/simple-icons/issues",
                "source": "https://github.com/simple-icons/simple-icons"
            },
            "funding": [
                {
                    "url": "https://opencollective.com/simple-icons",
                    "type": "opencollective"
                }
            ],
            "time": "2023-04-09T15:17:48+00:00"
        },
        {
            "name": "twbs/bootstrap",
            "version": "v5.3.0-alpha2",
            "source": {
                "type": "git",
                "url": "https://github.com/twbs/bootstrap.git",
                "reference": "c877cefcef18d6a60c5eaec8df469933e64e212a"
            },
            "dist": {
                "type": "zip",
                "url": "https://api.github.com/repos/twbs/bootstrap/zipball/c877cefcef18d6a60c5eaec8df469933e64e212a",
                "reference": "c877cefcef18d6a60c5eaec8df469933e64e212a",
                "shasum": ""
            },
            "replace": {
                "twitter/bootstrap": "self.version"
            },
            "type": "library",
            "notification-url": "https://packagist.org/downloads/",
            "license": [
                "MIT"
            ],
            "authors": [
                {
                    "name": "Mark Otto",
                    "email": "markdotto@gmail.com"
                },
                {
                    "name": "Jacob Thornton",
                    "email": "jacobthornton@gmail.com"
                }
            ],
            "description": "The most popular front-end framework for developing responsive, mobile first projects on the web.",
            "homepage": "https://getbootstrap.com/",
            "keywords": [
                "JS",
                "css",
                "framework",
                "front-end",
                "mobile-first",
                "responsive",
                "sass",
                "web"
            ],
            "support": {
                "issues": "https://github.com/twbs/bootstrap/issues",
                "source": "https://github.com/twbs/bootstrap/tree/v5.3.0-alpha2"
            },
            "time": "2023-03-24T14:30:16+00:00"
        },
        {
            "name": "twbs/bootstrap-icons",
            "version": "v1.10.3",
            "source": {
                "type": "git",
                "url": "https://github.com/twbs/icons.git",
                "reference": "817d780a476dbb24b269a89ba56ff1d0d4125132"
            },
            "dist": {
                "type": "zip",
                "url": "https://api.github.com/repos/twbs/icons/zipball/817d780a476dbb24b269a89ba56ff1d0d4125132",
                "reference": "817d780a476dbb24b269a89ba56ff1d0d4125132",
                "shasum": ""
            },
            "type": "library",
            "notification-url": "https://packagist.org/downloads/",
            "license": [
                "MIT"
            ],
            "authors": [
                {
                    "name": "Mark Otto",
                    "email": "markdotto@gmail.com"
                }
            ],
            "description": "Official open source SVG icon library for Bootstrap",
            "homepage": "https://icons.getbootstrap.com/",
            "keywords": [
                "bootstrap",
                "icon font",
                "icons",
                "svg"
            ],
            "support": {
                "issues": "https://github.com/twbs/icons/issues",
                "source": "https://github.com/twbs/icons/tree/v1.10.3"
            },
            "time": "2022-12-27T05:46:02+00:00"
        }
    ],
    "packages-dev": [],
    "aliases": [],
    "minimum-stability": "stable",
    "stability-flags": {
        "twbs/bootstrap": 15
    },
    "prefer-stable": false,
    "prefer-lowest": false,
    "platform": [],
    "platform-dev": [],
    "plugin-api-version": "2.3.0"
}
