{
    "_readme": [
        "This file locks the dependencies of your project to a known state",
        "Read more about it at https://getcomposer.org/doc/01-basic-usage.md#installing-dependencies",
        "This file is @generated automatically"
    ],
    "content-hash": "3ac9a4661746a9976b9f159371788f88",
    "packages": [
        {
            "name": "fortawesome/font-awesome",
            "version": "6.2.1",
            "source": {
                "type": "git",
                "url": "https://github.com/FortAwesome/Font-Awesome.git",
                "reference": "96cafbd73ec4339b8c73c36673ce1518db82cc5c"
            },
            "dist": {
                "type": "zip",
                "url": "https://api.github.com/repos/FortAwesome/Font-Awesome/zipball/96cafbd73ec4339b8c73c36673ce1518db82cc5c",
                "reference": "96cafbd73ec4339b8c73c36673ce1518db82cc5c",
                "shasum": ""
            },
            "type": "library",
            "notification-url": "https://packagist.org/downloads/",
            "license": [
                "CC-BY-4.0",
                "OFL-1.1",
                "MIT"
            ],
            "authors": [
                {
                    "name": "The Font Awesome Team",
                    "homepage": "https://github.com/orgs/FortAwesome/people"
                }
            ],
            "description": "The iconic font, CSS, and SVG framework",
            "homepage": "https://fontawesome.com",
            "keywords": [
                "FontAwesome",
                "awesome",
                "bootstrap",
                "font",
                "icon",
                "svg"
            ],
            "support": {
                "docs": "http://fontawesome.com/docs",
                "email": "hello@fontawesome.com",
                "issues": "https://github.com/FortAwesome/Font-Awesome/issues",
                "source": "https://github.com/FortAwesome/Font-Awesome"
            },
            "time": "2022-11-15T18:34:54+00:00"
        },
        {
            "name": "loganmarchione/homelab-svg-assets",
            "version": "0.1.1",
            "source": {
                "type": "git",
                "url": "https://github.com/loganmarchione/homelab-svg-assets.git",
                "reference": "1520c09e4d1d8bde40141160987f47b1edbeb1b2"
            },
            "dist": {
                "type": "zip",
                "url": "https://api.github.com/repos/loganmarchione/homelab-svg-assets/zipball/1520c09e4d1d8bde40141160987f47b1edbeb1b2",
                "reference": "1520c09e4d1d8bde40141160987f47b1edbeb1b2",
                "shasum": ""
            },
            "type": "library",
            "notification-url": "https://packagist.org/downloads/",
            "license": [
                "MIT"
            ],
            "authors": [
                {
                    "name": "Logan Marchione",
                    "email": "logan@loganmarchione.com"
                }
            ],
            "description": "Full-color SVG icons of homelab-related software, products, and brands",
            "keywords": [
                "homelab",
                "icons",
                "svg"
            ],
            "support": {
                "issues": "https://github.com/loganmarchione/homelab-svg-assets/issues",
                "source": "https://github.com/loganmarchione/homelab-svg-assets"
            },
            "time": "2022-12-27T21:01:12+00:00"
        },
        {
            "name": "simple-icons/simple-icons",
            "version": "8.1.0",
            "source": {
                "type": "git",
                "url": "https://github.com/simple-icons/simple-icons.git",
                "reference": "72095f401874b3cc39f271cce6da3b6124d8cb06"
            },
            "dist": {
                "type": "zip",
                "url": "https://api.github.com/repos/simple-icons/simple-icons/zipball/72095f401874b3cc39f271cce6da3b6124d8cb06",
                "reference": "72095f401874b3cc39f271cce6da3b6124d8cb06",
                "shasum": ""
            },
            "type": "library",
            "notification-url": "https://packagist.org/downloads/",
            "license": [
                "CC0-1.0"
            ],
            "description": "SVG icons for popular brands",
            "homepage": "https://simpleicons.org/",
            "keywords": [
                "icons",
                "svg"
            ],
            "support": {
                "docs": "https://github.com/simple-icons/simple-icons#php-usage-",
                "issues": "https://github.com/simple-icons/simple-icons/issues",
                "source": "https://github.com/simple-icons/simple-icons"
            },
            "funding": [
                {
                    "url": "https://opencollective.com/simple-icons",
                    "type": "opencollective"
                }
            ],
            "time": "2022-12-11T15:54:17+00:00"
        },
        {
            "name": "twbs/bootstrap",
            "version": "v5.2.3",
            "source": {
                "type": "git",
                "url": "https://github.com/twbs/bootstrap.git",
                "reference": "cb021439c683d9805e2864c58095b92d405e9b11"
            },
            "dist": {
                "type": "zip",
                "url": "https://api.github.com/repos/twbs/bootstrap/zipball/cb021439c683d9805e2864c58095b92d405e9b11",
                "reference": "cb021439c683d9805e2864c58095b92d405e9b11",
                "shasum": ""
            },
            "replace": {
                "twitter/bootstrap": "self.version"
            },
            "type": "library",
            "notification-url": "https://packagist.org/downloads/",
            "license": [
                "MIT"
            ],
            "authors": [
                {
                    "name": "Mark Otto",
                    "email": "markdotto@gmail.com"
                },
                {
                    "name": "Jacob Thornton",
                    "email": "jacobthornton@gmail.com"
                }
            ],
            "description": "The most popular front-end framework for developing responsive, mobile first projects on the web.",
            "homepage": "https://getbootstrap.com/",
            "keywords": [
                "JS",
                "css",
                "framework",
                "front-end",
                "mobile-first",
                "responsive",
                "sass",
                "web"
            ],
            "support": {
                "issues": "https://github.com/twbs/bootstrap/issues",
                "source": "https://github.com/twbs/bootstrap/tree/v5.2.3"
            },
            "time": "2022-11-21T18:19:01+00:00"
        },
        {
            "name": "twbs/bootstrap-icons",
            "version": "v1.10.3",
            "source": {
                "type": "git",
                "url": "https://github.com/twbs/icons.git",
                "reference": "817d780a476dbb24b269a89ba56ff1d0d4125132"
            },
            "dist": {
                "type": "zip",
                "url": "https://api.github.com/repos/twbs/icons/zipball/817d780a476dbb24b269a89ba56ff1d0d4125132",
                "reference": "817d780a476dbb24b269a89ba56ff1d0d4125132",
                "shasum": ""
            },
            "type": "library",
            "notification-url": "https://packagist.org/downloads/",
            "license": [
                "MIT"
            ],
            "authors": [
                {
                    "name": "Mark Otto",
                    "email": "markdotto@gmail.com"
                }
            ],
            "description": "Official open source SVG icon library for Bootstrap",
            "homepage": "https://icons.getbootstrap.com/",
            "keywords": [
                "bootstrap",
                "icon font",
                "icons",
                "svg"
            ],
            "support": {
                "issues": "https://github.com/twbs/icons/issues",
                "source": "https://github.com/twbs/icons/tree/v1.10.3"
            },
            "time": "2022-12-27T05:46:02+00:00"
        }
    ],
    "packages-dev": [],
    "aliases": [],
    "minimum-stability": "stable",
    "stability-flags": [],
    "prefer-stable": false,
    "prefer-lowest": false,
    "platform": [],
    "platform-dev": [],
    "plugin-api-version": "2.3.0"
}
